
Microsoft Visual Studio Solution File, Format Version 12.00
# Visual Studio Version 17
VisualStudioVersion = 17.3.32929.385
MinimumVisualStudioVersion = 10.0.40219.1
Project("{2150E333-8FDC-42A3-9474-1A3956D46DE8}") = "trees", "trees", "{4D2303EF-E9DE-4608-9BF7-CAE4FFF6FB2C}"
EndProject
Project("{9A19103F-16F7-4668-BE54-9A1E7A4F7556}") = "Huffman.Tests", "Huffman.Tests\Huffman.Tests.csproj", "{848F4AF8-198E-44B7-B2BE-CC74FAB42A29}"
EndProject
Project("{9A19103F-16F7-4668-BE54-9A1E7A4F7556}") = "Huffman", "Huffman\Huffman.csproj", "{293BFE6F-A022-4927-B8E8-13412BF1928B}"
EndProject
Project("{2150E333-8FDC-42A3-9474-1A3956D46DE8}") = "sorting", "sorting", "{AB628A20-754B-4C5B-A81D-01B6252A3642}"
EndProject
Project("{FAE04EC0-301F-11D3-BF4B-00C04F79EFBC}") = "QuickSort", "QuickSort\QuickSort.csproj", "{C2D9A62B-43C8-426C-8BB9-9C116C3717E8}"
EndProject
Project("{FAE04EC0-301F-11D3-BF4B-00C04F79EFBC}") = "QuickSort.Tests", "QuickSort.Tests\QuickSort.Tests.csproj", "{DC1E3C53-552B-4DD9-AB27-2CB956BB2DDC}"
EndProject
Project("{2150E333-8FDC-42A3-9474-1A3956D46DE8}") = "balanced", "balanced", "{B36FDBA6-8045-4AFE-A2C9-AA83073B9082}"
EndProject
Project("{FAE04EC0-301F-11D3-BF4B-00C04F79EFBC}") = "Balanced", "Balanced\Balanced.csproj", "{AEE34F5F-A2F6-4EFD-A9DF-5B93C14EF844}"
EndProject
Project("{FAE04EC0-301F-11D3-BF4B-00C04F79EFBC}") = "Balanced.Tests", "Balanced.Tests\Balanced.Tests.csproj", "{5E550310-ECCF-482F-A936-864328140881}"
EndProject
Global
	GlobalSection(SolutionConfigurationPlatforms) = preSolution
		Debug|Any CPU = Debug|Any CPU
		Release|Any CPU = Release|Any CPU
	EndGlobalSection
	GlobalSection(ProjectConfigurationPlatforms) = postSolution
		{848F4AF8-198E-44B7-B2BE-CC74FAB42A29}.Debug|Any CPU.ActiveCfg = Debug|Any CPU
		{848F4AF8-198E-44B7-B2BE-CC74FAB42A29}.Debug|Any CPU.Build.0 = Debug|Any CPU
		{848F4AF8-198E-44B7-B2BE-CC74FAB42A29}.Release|Any CPU.ActiveCfg = Release|Any CPU
		{848F4AF8-198E-44B7-B2BE-CC74FAB42A29}.Release|Any CPU.Build.0 = Release|Any CPU
		{293BFE6F-A022-4927-B8E8-13412BF1928B}.Debug|Any CPU.ActiveCfg = Debug|Any CPU
		{293BFE6F-A022-4927-B8E8-13412BF1928B}.Debug|Any CPU.Build.0 = Debug|Any CPU
		{293BFE6F-A022-4927-B8E8-13412BF1928B}.Release|Any CPU.ActiveCfg = Release|Any CPU
		{293BFE6F-A022-4927-B8E8-13412BF1928B}.Release|Any CPU.Build.0 = Release|Any CPU
		{C2D9A62B-43C8-426C-8BB9-9C116C3717E8}.Debug|Any CPU.ActiveCfg = Debug|Any CPU
		{C2D9A62B-43C8-426C-8BB9-9C116C3717E8}.Debug|Any CPU.Build.0 = Debug|Any CPU
		{C2D9A62B-43C8-426C-8BB9-9C116C3717E8}.Release|Any CPU.ActiveCfg = Release|Any CPU
		{C2D9A62B-43C8-426C-8BB9-9C116C3717E8}.Release|Any CPU.Build.0 = Release|Any CPU
		{DC1E3C53-552B-4DD9-AB27-2CB956BB2DDC}.Debug|Any CPU.ActiveCfg = Debug|Any CPU
		{DC1E3C53-552B-4DD9-AB27-2CB956BB2DDC}.Debug|Any CPU.Build.0 = Debug|Any CPU
		{DC1E3C53-552B-4DD9-AB27-2CB956BB2DDC}.Release|Any CPU.ActiveCfg = Release|Any CPU
		{DC1E3C53-552B-4DD9-AB27-2CB956BB2DDC}.Release|Any CPU.Build.0 = Release|Any CPU
		{AEE34F5F-A2F6-4EFD-A9DF-5B93C14EF844}.Debug|Any CPU.ActiveCfg = Debug|Any CPU
		{AEE34F5F-A2F6-4EFD-A9DF-5B93C14EF844}.Debug|Any CPU.Build.0 = Debug|Any CPU
		{AEE34F5F-A2F6-4EFD-A9DF-5B93C14EF844}.Release|Any CPU.ActiveCfg = Release|Any CPU
		{AEE34F5F-A2F6-4EFD-A9DF-5B93C14EF844}.Release|Any CPU.Build.0 = Release|Any CPU
		{5E550310-ECCF-482F-A936-864328140881}.Debug|Any CPU.ActiveCfg = Debug|Any CPU
		{5E550310-ECCF-482F-A936-864328140881}.Debug|Any CPU.Build.0 = Debug|Any CPU
		{5E550310-ECCF-482F-A936-864328140881}.Release|Any CPU.ActiveCfg = Release|Any CPU
		{5E550310-ECCF-482F-A936-864328140881}.Release|Any CPU.Build.0 = Release|Any CPU
	EndGlobalSection
	GlobalSection(SolutionProperties) = preSolution
		HideSolutionNode = FALSE
	EndGlobalSection
	GlobalSection(NestedProjects) = preSolution
		{848F4AF8-198E-44B7-B2BE-CC74FAB42A29} = {4D2303EF-E9DE-4608-9BF7-CAE4FFF6FB2C}
		{293BFE6F-A022-4927-B8E8-13412BF1928B} = {4D2303EF-E9DE-4608-9BF7-CAE4FFF6FB2C}
		{C2D9A62B-43C8-426C-8BB9-9C116C3717E8} = {AB628A20-754B-4C5B-A81D-01B6252A3642}
		{DC1E3C53-552B-4DD9-AB27-2CB956BB2DDC} = {AB628A20-754B-4C5B-A81D-01B6252A3642}
		{AEE34F5F-A2F6-4EFD-A9DF-5B93C14EF844} = {B36FDBA6-8045-4AFE-A2C9-AA83073B9082}
		{5E550310-ECCF-482F-A936-864328140881} = {B36FDBA6-8045-4AFE-A2C9-AA83073B9082}
	EndGlobalSection
	GlobalSection(ExtensibilityGlobals) = postSolution
		SolutionGuid = {92018042-5B53-449D-A9A2-EC9A5F2FBF1D}
	EndGlobalSection
EndGlobal
